
Microsoft Visual Studio Solution File, Format Version 12.00
# Visual Studio Version 17
VisualStudioVersion = 17.0.32126.317
MinimumVisualStudioVersion = 10.0.40219.1
Project("{FAE04EC0-301F-11D3-BF4B-00C04F79EFBC}") = "Progress Chart", "Progress Chart\Progress Chart.csproj", "{939A61BF-CD63-4B02-A1E0-4E36AA7258B9}"
EndProject
Global
	GlobalSection(SolutionConfigurationPlatforms) = preSolution
		Debug|Any CPU = Debug|Any CPU
		Release|Any CPU = Release|Any CPU
	EndGlobalSection
	GlobalSection(ProjectConfigurationPlatforms) = postSolution
		{939A61BF-CD63-4B02-A1E0-4E36AA7258B9}.Debug|Any CPU.ActiveCfg = Debug|Any CPU
		{939A61BF-CD63-4B02-A1E0-4E36AA7258B9}.Debug|Any CPU.Build.0 = Debug|Any CPU
		{939A61BF-CD63-4B02-A1E0-4E36AA7258B9}.Release|Any CPU.ActiveCfg = Release|Any CPU
		{939A61BF-CD63-4B02-A1E0-4E36AA7258B9}.Release|Any CPU.Build.0 = Release|Any CPU
	EndGlobalSection
	GlobalSection(SolutionProperties) = preSolution
		HideSolutionNode = FALSE
	EndGlobalSection
	GlobalSection(ExtensibilityGlobals) = postSolution
		SolutionGuid = {67065B29-93D1-42B7-ABEB-D250ED9A7D28}
	EndGlobalSection
EndGlobal
